
Microsoft Visual Studio Solution File, Format Version 12.00
# Visual Studio Version 16
VisualStudioVersion = 16.0.30204.135
MinimumVisualStudioVersion = 10.0.40219.1
Project("{FAE04EC0-301F-11D3-BF4B-00C04F79EFBC}") = "ApiGateway", "ApiGateway.csproj", "{5B6162A9-FA0B-4D4E-8765-17B8E4FBE703}"
EndProject
Global
	GlobalSection(SolutionConfigurationPlatforms) = preSolution
		Debug|Any CPU = Debug|Any CPU
		Release|Any CPU = Release|Any CPU
	EndGlobalSection
	GlobalSection(ProjectConfigurationPlatforms) = postSolution
		{5B6162A9-FA0B-4D4E-8765-17B8E4FBE703}.Debug|Any CPU.ActiveCfg = Debug|Any CPU
		{5B6162A9-FA0B-4D4E-8765-17B8E4FBE703}.Debug|Any CPU.Build.0 = Debug|Any CPU
		{5B6162A9-FA0B-4D4E-8765-17B8E4FBE703}.Release|Any CPU.ActiveCfg = Release|Any CPU
		{5B6162A9-FA0B-4D4E-8765-17B8E4FBE703}.Release|Any CPU.Build.0 = Release|Any CPU
	EndGlobalSection
	GlobalSection(SolutionProperties) = preSolution
		HideSolutionNode = FALSE
	EndGlobalSection
	GlobalSection(ExtensibilityGlobals) = postSolution
		SolutionGuid = {51EBF51A-4674-43A7-AB66-195952012215}
	EndGlobalSection
EndGlobal
