
Microsoft Visual Studio Solution File, Format Version 12.00
# Visual Studio Version 16
VisualStudioVersion = 16.0.30204.135
MinimumVisualStudioVersion = 10.0.40219.1
Project("{9A19103F-16F7-4668-BE54-9A1E7A4F7556}") = "Core.Lib", "..\..\..\CoreLib\Core.Lib\Core.Lib.csproj", "{4574C22B-A4DD-4A01-AC6D-91492EB869C3}"
EndProject
Project("{9A19103F-16F7-4668-BE54-9A1E7A4F7556}") = "Reward.API", "Reward.API.csproj", "{A4D3A83C-EC04-4A11-B125-EEAADDA23F7C}"
EndProject
Project("{9A19103F-16F7-4668-BE54-9A1E7A4F7556}") = "Reward.Domain", "..\Reward.Domain\Reward.Domain.csproj", "{B9A5070B-B531-4A88-9A76-30F48C404150}"
EndProject
Project("{9A19103F-16F7-4668-BE54-9A1E7A4F7556}") = "Reward.Infrastructure", "..\Reward.Infrastructure\Reward.Infrastructure.csproj", "{E341D758-D3D6-4739-8960-417F53B5D91A}"
EndProject
Project("{9A19103F-16F7-4668-BE54-9A1E7A4F7556}") = "IntegrationDataLog", "..\..\..\CoreLib\IntegrationDataLog\IntegrationDataLog.csproj", "{37B63FC8-925E-4546-A321-13453EFF3048}"
EndProject
Global
	GlobalSection(SolutionConfigurationPlatforms) = preSolution
		Debug|Any CPU = Debug|Any CPU
		Release|Any CPU = Release|Any CPU
	EndGlobalSection
	GlobalSection(ProjectConfigurationPlatforms) = postSolution
		{4574C22B-A4DD-4A01-AC6D-91492EB869C3}.Debug|Any CPU.ActiveCfg = Debug|Any CPU
		{4574C22B-A4DD-4A01-AC6D-91492EB869C3}.Debug|Any CPU.Build.0 = Debug|Any CPU
		{4574C22B-A4DD-4A01-AC6D-91492EB869C3}.Release|Any CPU.ActiveCfg = Release|Any CPU
		{4574C22B-A4DD-4A01-AC6D-91492EB869C3}.Release|Any CPU.Build.0 = Release|Any CPU
		{A4D3A83C-EC04-4A11-B125-EEAADDA23F7C}.Debug|Any CPU.ActiveCfg = Debug|Any CPU
		{A4D3A83C-EC04-4A11-B125-EEAADDA23F7C}.Debug|Any CPU.Build.0 = Debug|Any CPU
		{A4D3A83C-EC04-4A11-B125-EEAADDA23F7C}.Release|Any CPU.ActiveCfg = Release|Any CPU
		{A4D3A83C-EC04-4A11-B125-EEAADDA23F7C}.Release|Any CPU.Build.0 = Release|Any CPU
		{B9A5070B-B531-4A88-9A76-30F48C404150}.Debug|Any CPU.ActiveCfg = Debug|Any CPU
		{B9A5070B-B531-4A88-9A76-30F48C404150}.Debug|Any CPU.Build.0 = Debug|Any CPU
		{B9A5070B-B531-4A88-9A76-30F48C404150}.Release|Any CPU.ActiveCfg = Release|Any CPU
		{B9A5070B-B531-4A88-9A76-30F48C404150}.Release|Any CPU.Build.0 = Release|Any CPU
		{E341D758-D3D6-4739-8960-417F53B5D91A}.Debug|Any CPU.ActiveCfg = Debug|Any CPU
		{E341D758-D3D6-4739-8960-417F53B5D91A}.Debug|Any CPU.Build.0 = Debug|Any CPU
		{E341D758-D3D6-4739-8960-417F53B5D91A}.Release|Any CPU.ActiveCfg = Release|Any CPU
		{E341D758-D3D6-4739-8960-417F53B5D91A}.Release|Any CPU.Build.0 = Release|Any CPU
		{37B63FC8-925E-4546-A321-13453EFF3048}.Debug|Any CPU.ActiveCfg = Debug|Any CPU
		{37B63FC8-925E-4546-A321-13453EFF3048}.Debug|Any CPU.Build.0 = Debug|Any CPU
		{37B63FC8-925E-4546-A321-13453EFF3048}.Release|Any CPU.ActiveCfg = Release|Any CPU
		{37B63FC8-925E-4546-A321-13453EFF3048}.Release|Any CPU.Build.0 = Release|Any CPU
	EndGlobalSection
	GlobalSection(SolutionProperties) = preSolution
		HideSolutionNode = FALSE
	EndGlobalSection
	GlobalSection(ExtensibilityGlobals) = postSolution
		SolutionGuid = {63EB88E2-8D31-4673-980E-7D573B9CA9C0}
	EndGlobalSection
EndGlobal
