
Microsoft Visual Studio Solution File, Format Version 12.00
# Visual Studio Version 16
VisualStudioVersion = 16.0.30204.135
MinimumVisualStudioVersion = 10.0.40219.1
Project("{9A19103F-16F7-4668-BE54-9A1E7A4F7556}") = "IdentityServer", "IdentityServerAspNetIdentity\IdentityServer.csproj", "{FD0DE06E-DB46-4165-9EAD-60FD7802723D}"
EndProject
Project("{9A19103F-16F7-4668-BE54-9A1E7A4F7556}") = "Core.Lib", "..\..\CoreLib\Core.Lib\Core.Lib.csproj", "{25C57A3F-D9B2-4E51-B2B2-1D1E8253E880}"
EndProject
Global
	GlobalSection(SolutionConfigurationPlatforms) = preSolution
		Debug|Any CPU = Debug|Any CPU
		Release|Any CPU = Release|Any CPU
	EndGlobalSection
	GlobalSection(ProjectConfigurationPlatforms) = postSolution
		{FD0DE06E-DB46-4165-9EAD-60FD7802723D}.Debug|Any CPU.ActiveCfg = Debug|Any CPU
		{FD0DE06E-DB46-4165-9EAD-60FD7802723D}.Debug|Any CPU.Build.0 = Debug|Any CPU
		{FD0DE06E-DB46-4165-9EAD-60FD7802723D}.Release|Any CPU.ActiveCfg = Release|Any CPU
		{FD0DE06E-DB46-4165-9EAD-60FD7802723D}.Release|Any CPU.Build.0 = Release|Any CPU
		{25C57A3F-D9B2-4E51-B2B2-1D1E8253E880}.Debug|Any CPU.ActiveCfg = Debug|Any CPU
		{25C57A3F-D9B2-4E51-B2B2-1D1E8253E880}.Debug|Any CPU.Build.0 = Debug|Any CPU
		{25C57A3F-D9B2-4E51-B2B2-1D1E8253E880}.Release|Any CPU.ActiveCfg = Release|Any CPU
		{25C57A3F-D9B2-4E51-B2B2-1D1E8253E880}.Release|Any CPU.Build.0 = Release|Any CPU
	EndGlobalSection
	GlobalSection(SolutionProperties) = preSolution
		HideSolutionNode = FALSE
	EndGlobalSection
	GlobalSection(ExtensibilityGlobals) = postSolution
		SolutionGuid = {10D3007C-63A8-4152-A9DE-7356F7D73972}
	EndGlobalSection
EndGlobal
