
Microsoft Visual Studio Solution File, Format Version 12.00
# Visual Studio Version 16
VisualStudioVersion = 16.0.30204.135
MinimumVisualStudioVersion = 10.0.40219.1
Project("{9A19103F-16F7-4668-BE54-9A1E7A4F7556}") = "Core.Lib", "Core.Lib.csproj", "{51283EDB-B415-4BD5-8146-4D2C5FF58507}"
EndProject
Global
	GlobalSection(SolutionConfigurationPlatforms) = preSolution
		Debug|Any CPU = Debug|Any CPU
		Release|Any CPU = Release|Any CPU
	EndGlobalSection
	GlobalSection(ProjectConfigurationPlatforms) = postSolution
		{51283EDB-B415-4BD5-8146-4D2C5FF58507}.Debug|Any CPU.ActiveCfg = Debug|Any CPU
		{51283EDB-B415-4BD5-8146-4D2C5FF58507}.Debug|Any CPU.Build.0 = Debug|Any CPU
		{51283EDB-B415-4BD5-8146-4D2C5FF58507}.Release|Any CPU.ActiveCfg = Release|Any CPU
		{51283EDB-B415-4BD5-8146-4D2C5FF58507}.Release|Any CPU.Build.0 = Release|Any CPU
	EndGlobalSection
	GlobalSection(SolutionProperties) = preSolution
		HideSolutionNode = FALSE
	EndGlobalSection
	GlobalSection(ExtensibilityGlobals) = postSolution
		SolutionGuid = {09115FF9-F59B-4B3A-8954-F083D47D4333}
	EndGlobalSection
EndGlobal
